
Microsoft Visual Studio Solution File, Format Version 12.00
# Visual Studio Version 17
VisualStudioVersion = 17.13.35931.197 d17.13
MinimumVisualStudioVersion = 10.0.40219.1
Project("{FAE04EC0-301F-11D3-BF4B-00C04F79EFBC}") = "MauiAppLogin", "MauiAppLogin\MauiAppLogin.csproj", "{8B60F56B-017B-4BD0-9B17-B65E89D5B052}"
EndProject
Global
	GlobalSection(SolutionConfigurationPlatforms) = preSolution
		Debug|Any CPU = Debug|Any CPU
		Release|Any CPU = Release|Any CPU
	EndGlobalSection
	GlobalSection(ProjectConfigurationPlatforms) = postSolution
		{8B60F56B-017B-4BD0-9B17-B65E89D5B052}.Debug|Any CPU.ActiveCfg = Debug|Any CPU
		{8B60F56B-017B-4BD0-9B17-B65E89D5B052}.Debug|Any CPU.Build.0 = Debug|Any CPU
		{8B60F56B-017B-4BD0-9B17-B65E89D5B052}.Release|Any CPU.ActiveCfg = Release|Any CPU
		{8B60F56B-017B-4BD0-9B17-B65E89D5B052}.Release|Any CPU.Build.0 = Release|Any CPU
	EndGlobalSection
	GlobalSection(SolutionProperties) = preSolution
		HideSolutionNode = FALSE
	EndGlobalSection
	GlobalSection(ExtensibilityGlobals) = postSolution
		SolutionGuid = {F4DF2234-7FE5-401C-A387-A93022CFDF76}
	EndGlobalSection
EndGlobal
